// !$*UTF8*$!
{
	archiveVersion = 1;
	classes = {
	};
	objectVersion = 50;
	objects = {

/* Begin PBXBuildFile section */
		AE2DFAD121D17D8E00461BB7 /* timeburner-regular.ttf in Resources */ = {isa = PBXBuildFile; fileRef = AE2DFAD021D17D4900461BB7 /* timeburner-regular.ttf */; };
		F1A586D721A7398E0014EA34 /* AppDelegate.swift in Sources */ = {isa = PBXBuildFile; fileRef = F1A586D621A7398E0014EA34 /* AppDelegate.swift */; };
		F1A586DC21A7398E0014EA34 /* Main.storyboard in Resources */ = {isa = PBXBuildFile; fileRef = F1A586DA21A7398E0014EA34 /* Main.storyboard */; };
		F1A586DE21A7398F0014EA34 /* Assets.xcassets in Resources */ = {isa = PBXBuildFile; fileRef = F1A586DD21A7398F0014EA34 /* Assets.xcassets */; };
		F1A586E121A7398F0014EA34 /* LaunchScreen.storyboard in Resources */ = {isa = PBXBuildFile; fileRef = F1A586DF21A7398F0014EA34 /* LaunchScreen.storyboard */; };
		F1A586E921A7468E0014EA34 /* IntroViewController.swift in Sources */ = {isa = PBXBuildFile; fileRef = F1A586E821A7468E0014EA34 /* IntroViewController.swift */; };
		F1A586EB21A746E80014EA34 /* ImageEditorViewController.swift in Sources */ = {isa = PBXBuildFile; fileRef = F1A586EA21A746E80014EA34 /* ImageEditorViewController.swift */; };
		F1A586ED21A747310014EA34 /* PlayFieldViewController.swift in Sources */ = {isa = PBXBuildFile; fileRef = F1A586EC21A747310014EA34 /* PlayFieldViewController.swift */; };
/* End PBXBuildFile section */

/* Begin PBXFileReference section */
		AE2DFAD021D17D4900461BB7 /* timeburner-regular.ttf */ = {isa = PBXFileReference; lastKnownFileType = file; path = "timeburner-regular.ttf"; sourceTree = "<group>"; };
		F1A586D321A7398E0014EA34 /* Gridy.app */ = {isa = PBXFileReference; explicitFileType = wrapper.application; includeInIndex = 0; path = Gridy.app; sourceTree = BUILT_PRODUCTS_DIR; };
		F1A586D621A7398E0014EA34 /* AppDelegate.swift */ = {isa = PBXFileReference; lastKnownFileType = sourcecode.swift; path = AppDelegate.swift; sourceTree = "<group>"; };
		F1A586DB21A7398E0014EA34 /* Base */ = {isa = PBXFileReference; lastKnownFileType = file.storyboard; name = Base; path = Base.lproj/Main.storyboard; sourceTree = "<group>"; };
		F1A586DD21A7398F0014EA34 /* Assets.xcassets */ = {isa = PBXFileReference; lastKnownFileType = folder.assetcatalog; path = Assets.xcassets; sourceTree = "<group>"; };
		F1A586E021A7398F0014EA34 /* Base */ = {isa = PBXFileReference; lastKnownFileType = file.storyboard; name = Base; path = Base.lproj/LaunchScreen.storyboard; sourceTree = "<group>"; };
		F1A586E221A7398F0014EA34 /* Info.plist */ = {isa = PBXFileReference; lastKnownFileType = text.plist.xml; path = Info.plist; sourceTree = "<group>"; };
		F1A586E821A7468E0014EA34 /* IntroViewController.swift */ = {isa = PBXFileReference; lastKnownFileType = sourcecode.swift; path = IntroViewController.swift; sourceTree = "<group>"; };
		F1A586EA21A746E80014EA34 /* ImageEditorViewController.swift */ = {isa = PBXFileReference; lastKnownFileType = sourcecode.swift; path = ImageEditorViewController.swift; sourceTree = "<group>"; };
		F1A586EC21A747310014EA34 /* PlayFieldViewController.swift */ = {isa = PBXFileReference; lastKnownFileType = sourcecode.swift; path = PlayFieldViewController.swift; sourceTree = "<group>"; };
/* End PBXFileReference section */

/* Begin PBXFrameworksBuildPhase section */
		F1A586D021A7398E0014EA34 /* Frameworks */ = {
			isa = PBXFrameworksBuildPhase;
			buildActionMask = 2147483647;
			files = (
			);
			runOnlyForDeploymentPostprocessing = 0;
		};
/* End PBXFrameworksBuildPhase section */

/* Begin PBXGroup section */
		AE2DFACB21D17A8900461BB7 /* Controller */ = {
			isa = PBXGroup;
			children = (
				F1A586E821A7468E0014EA34 /* IntroViewController.swift */,
				F1A586EA21A746E80014EA34 /* ImageEditorViewController.swift */,
				F1A586EC21A747310014EA34 /* PlayFieldViewController.swift */,
			);
			path = Controller;
			sourceTree = "<group>";
		};
		AE2DFACC21D17A9F00461BB7 /* View */ = {
			isa = PBXGroup;
			children = (
				F1A586DA21A7398E0014EA34 /* Main.storyboard */,
			);
			path = View;
			sourceTree = "<group>";
		};
		AE2DFACE21D17AE000461BB7 /* Model */ = {
			isa = PBXGroup;
			children = (
			);
			path = Model;
			sourceTree = "<group>";
		};
		AE2DFACF21D17B8300461BB7 /* Supporting Files */ = {
			isa = PBXGroup;
			children = (
				F1A586D621A7398E0014EA34 /* AppDelegate.swift */,
				AE2DFAD021D17D4900461BB7 /* timeburner-regular.ttf */,
				F1A586DD21A7398F0014EA34 /* Assets.xcassets */,
				F1A586DF21A7398F0014EA34 /* LaunchScreen.storyboard */,
				F1A586E221A7398F0014EA34 /* Info.plist */,
			);
			name = "Supporting Files";
			sourceTree = "<group>";
		};
		F1A586CA21A7398E0014EA34 = {
			isa = PBXGroup;
			children = (
				F1A586D521A7398E0014EA34 /* Gridy */,
				F1A586D421A7398E0014EA34 /* Products */,
			);
			sourceTree = "<group>";
		};
		F1A586D421A7398E0014EA34 /* Products */ = {
			isa = PBXGroup;
			children = (
				F1A586D321A7398E0014EA34 /* Gridy.app */,
			);
			name = Products;
			sourceTree = "<group>";
		};
		F1A586D521A7398E0014EA34 /* Gridy */ = {
			isa = PBXGroup;
			children = (
				AE2DFACF21D17B8300461BB7 /* Supporting Files */,
				AE2DFACE21D17AE000461BB7 /* Model */,
				AE2DFACC21D17A9F00461BB7 /* View */,
				AE2DFACB21D17A8900461BB7 /* Controller */,
			);
			path = Gridy;
			sourceTree = "<group>";
		};
/* End PBXGroup section */

/* Begin PBXNativeTarget section */
		F1A586D221A7398E0014EA34 /* Gridy */ = {
			isa = PBXNativeTarget;
			buildConfigurationList = F1A586E521A7398F0014EA34 /* Build configuration list for PBXNativeTarget "Gridy" */;
			buildPhases = (
				F1A586CF21A7398E0014EA34 /* Sources */,
				F1A586D021A7398E0014EA34 /* Frameworks */,
				F1A586D121A7398E0014EA34 /* Resources */,
			);
			buildRules = (
			);
			dependencies = (
			);
			name = Gridy;
			productName = Gridy;
			productReference = F1A586D321A7398E0014EA34 /* Gridy.app */;
			productType = "com.apple.product-type.application";
		};
/* End PBXNativeTarget section */

/* Begin PBXProject section */
		F1A586CB21A7398E0014EA34 /* Project object */ = {
			isa = PBXProject;
			attributes = {
				LastSwiftUpdateCheck = 1010;
				LastUpgradeCheck = 1010;
				ORGANIZATIONNAME = appostoliq;
				TargetAttributes = {
					F1A586D221A7398E0014EA34 = {
						CreatedOnToolsVersion = 10.1;
					};
				};
			};
			buildConfigurationList = F1A586CE21A7398E0014EA34 /* Build configuration list for PBXProject "Gridy" */;
			compatibilityVersion = "Xcode 9.3";
			developmentRegion = en;
			hasScannedForEncodings = 0;
			knownRegions = (
				en,
				Base,
			);
			mainGroup = F1A586CA21A7398E0014EA34;
			productRefGroup = F1A586D421A7398E0014EA34 /* Products */;
			projectDirPath = "";
			projectRoot = "";
			targets = (
				F1A586D221A7398E0014EA34 /* Gridy */,
			);
		};
/* End PBXProject section */

/* Begin PBXResourcesBuildPhase section */
		F1A586D121A7398E0014EA34 /* Resources */ = {
			isa = PBXResourcesBuildPhase;
			buildActionMask = 2147483647;
			files = (
				AE2DFAD121D17D8E00461BB7 /* timeburner-regular.ttf in Resources */,
				F1A586E121A7398F0014EA34 /* LaunchScreen.storyboard in Resources */,
				F1A586DE21A7398F0014EA34 /* Assets.xcassets in Resources */,
				F1A586DC21A7398E0014EA34 /* Main.storyboard in Resources */,
			);
			runOnlyForDeploymentPostprocessing = 0;
		};
/* End PBXResourcesBuildPhase section */

/* Begin PBXSourcesBuildPhase section */
		F1A586CF21A7398E0014EA34 /* Sources */ = {
			isa = PBXSourcesBuildPhase;
			buildActionMask = 2147483647;
			files = (
				F1A586EB21A746E80014EA34 /* ImageEditorViewController.swift in Sources */,
				F1A586ED21A747310014EA34 /* PlayFieldViewController.swift in Sources */,
				F1A586D721A7398E0014EA34 /* AppDelegate.swift in Sources */,
				F1A586E921A7468E0014EA34 /* IntroViewController.swift in Sources */,
			);
			runOnlyForDeploymentPostprocessing = 0;
		};
/* End PBXSourcesBuildPhase section */

/* Begin PBXVariantGroup section */
		F1A586DA21A7398E0014EA34 /* Main.storyboard */ = {
			isa = PBXVariantGroup;
			children = (
				F1A586DB21A7398E0014EA34 /* Base */,
			);
			name = Main.storyboard;
			sourceTree = "<group>";
		};
		F1A586DF21A7398F0014EA34 /* LaunchScreen.storyboard */ = {
			isa = PBXVariantGroup;
			children = (
				F1A586E021A7398F0014EA34 /* Base */,
			);
			name = LaunchScreen.storyboard;
			sourceTree = "<group>";
		};
/* End PBXVariantGroup section */

/* Begin XCBuildConfiguration section */
		F1A586E321A7398F0014EA34 /* Debug */ = {
			isa = XCBuildConfiguration;
			buildSettings = {
				ALWAYS_SEARCH_USER_PATHS = NO;
				CLANG_ANALYZER_NONNULL = YES;
				CLANG_ANALYZER_NUMBER_OBJECT_CONVERSION = YES_AGGRESSIVE;
				CLANG_CXX_LANGUAGE_STANDARD = "gnu++14";
				CLANG_CXX_LIBRARY = "libc++";
				CLANG_ENABLE_MODULES = YES;
				CLANG_ENABLE_OBJC_ARC = YES;
				CLANG_ENABLE_OBJC_WEAK = YES;
				CLANG_WARN_BLOCK_CAPTURE_AUTORELEASING = YES;
				CLANG_WARN_BOOL_CONVERSION = YES;
				CLANG_WARN_COMMA = YES;
				CLANG_WARN_CONSTANT_CONVERSION = YES;
				CLANG_WARN_DEPRECATED_OBJC_IMPLEMENTATIONS = YES;
				CLANG_WARN_DIRECT_OBJC_ISA_USAGE = YES_ERROR;
				CLANG_WARN_DOCUMENTATION_COMMENTS = YES;
				CLANG_WARN_EMPTY_BODY = YES;
				CLANG_WARN_ENUM_CONVERSION = YES;
				CLANG_WARN_INFINITE_RECURSION = YES;
				CLANG_WARN_INT_CONVERSION = YES;
				CLANG_WARN_NON_LITERAL_NULL_CONVERSION = YES;
				CLANG_WARN_OBJC_IMPLICIT_RETAIN_SELF = YES;
				CLANG_WARN_OBJC_LITERAL_CONVERSION = YES;
				CLANG_WARN_OBJC_ROOT_CLASS = YES_ERROR;
				CLANG_WARN_RANGE_LOOP_ANALYSIS = YES;
				CLANG_WARN_STRICT_PROTOTYPES = YES;
				CLANG_WARN_SUSPICIOUS_MOVE = YES;
				CLANG_WARN_UNGUARDED_AVAILABILITY = YES_AGGRESSIVE;
				CLANG_WARN_UNREACHABLE_CODE = YES;
				CLANG_WARN__DUPLICATE_METHOD_MATCH = YES;
				CODE_SIGN_IDENTITY = "iPhone Developer";
				COPY_PHASE_STRIP = NO;
				DEBUG_INFORMATION_FORMAT = dwarf;
				ENABLE_STRICT_OBJC_MSGSEND = YES;
				ENABLE_TESTABILITY = YES;
				GCC_C_LANGUAGE_STANDARD = gnu11;
				GCC_DYNAMIC_NO_PIC = NO;
				GCC_NO_COMMON_BLOCKS = YES;
				GCC_OPTIMIZATION_LEVEL = 0;
				GCC_PREPROCESSOR_DEFINITIONS = (
					"DEBUG=1",
					"$(inherited)",
				);
				GCC_WARN_64_TO_32_BIT_CONVERSION = YES;
				GCC_WARN_ABOUT_RETURN_TYPE = YES_ERROR;
				GCC_WARN_UNDECLARED_SELECTOR = YES;
				GCC_WARN_UNINITIALIZED_AUTOS = YES_AGGRESSIVE;
				GCC_WARN_UNUSED_FUNCTION = YES;
				GCC_WARN_UNUSED_VARIABLE = YES;
				IPHONEOS_DEPLOYMENT_TARGET = 12.1;
				MTL_ENABLE_DEBUG_INFO = INCLUDE_SOURCE;
				MTL_FAST_MATH = YES;
				ONLY_ACTIVE_ARCH = YES;
				SDKROOT = iphoneos;
				SWIFT_ACTIVE_COMPILATION_CONDITIONS = DEBUG;
				SWIFT_OPTIMIZATION_LEVEL = "-Onone";
			};
			name = Debug;
		};
		F1A586E421A7398F0014EA34 /* Release */ = {
			isa = XCBuildConfiguration;
			buildSettings = {
				ALWAYS_SEARCH_USER_PATHS = NO;
				CLANG_ANALYZER_NONNULL = YES;
				CLANG_ANALYZER_NUMBER_OBJECT_CONVERSION = YES_AGGRESSIVE;
				CLANG_CXX_LANGUAGE_STANDARD = "gnu++14";
				CLANG_CXX_LIBRARY = "libc++";
				CLANG_ENABLE_MODULES = YES;
				CLANG_ENABLE_OBJC_ARC = YES;
				CLANG_ENABLE_OBJC_WEAK = YES;
				CLANG_WARN_BLOCK_CAPTURE_AUTORELEASING = YES;
				CLANG_WARN_BOOL_CONVERSION = YES;
				CLANG_WARN_COMMA = YES;
				CLANG_WARN_CONSTANT_CONVERSION = YES;
				CLANG_WARN_DEPRECATED_OBJC_IMPLEMENTATIONS = YES;
				CLANG_WARN_DIRECT_OBJC_ISA_USAGE = YES_ERROR;
				CLANG_WARN_DOCUMENTATION_COMMENTS = YES;
				CLANG_WARN_EMPTY_BODY = YES;
				CLANG_WARN_ENUM_CONVERSION = YES;
				CLANG_WARN_INFINITE_RECURSION = YES;
				CLANG_WARN_INT_CONVERSION = YES;
				CLANG_WARN_NON_LITERAL_NULL_CONVERSION = YES;
				CLANG_WARN_OBJC_IMPLICIT_RETAIN_SELF = YES;
				CLANG_WARN_OBJC_LITERAL_CONVERSION = YES;
				CLANG_WARN_OBJC_ROOT_CLASS = YES_ERROR;
				CLANG_WARN_RANGE_LOOP_ANALYSIS = YES;
				CLANG_WARN_STRICT_PROTOTYPES = YES;
				CLANG_WARN_SUSPICIOUS_MOVE = YES;
				CLANG_WARN_UNGUARDED_AVAILABILITY = YES_AGGRESSIVE;
				CLANG_WARN_UNREACHABLE_CODE = YES;
				CLANG_WARN__DUPLICATE_METHOD_MATCH = YES;
				CODE_SIGN_IDENTITY = "iPhone Developer";
				COPY_PHASE_STRIP = NO;
				DEBUG_INFORMATION_FORMAT = "dwarf-with-dsym";
				ENABLE_NS_ASSERTIONS = NO;
				ENABLE_STRICT_OBJC_MSGSEND = YES;
				GCC_C_LANGUAGE_STANDARD = gnu11;
				GCC_NO_COMMON_BLOCKS = YES;
				GCC_WARN_64_TO_32_BIT_CONVERSION = YES;
				GCC_WARN_ABOUT_RETURN_TYPE = YES_ERROR;
				GCC_WARN_UNDECLARED_SELECTOR = YES;
				GCC_WARN_UNINITIALIZED_AUTOS = YES_AGGRESSIVE;
				GCC_WARN_UNUSED_FUNCTION = YES;
				GCC_WARN_UNUSED_VARIABLE = YES;
				IPHONEOS_DEPLOYMENT_TARGET = 12.1;
				MTL_ENABLE_DEBUG_INFO = NO;
				MTL_FAST_MATH = YES;
				SDKROOT = iphoneos;
				SWIFT_COMPILATION_MODE = wholemodule;
				SWIFT_OPTIMIZATION_LEVEL = "-O";
				VALIDATE_PRODUCT = YES;
			};
			name = Release;
		};
		F1A586E621A7398F0014EA34 /* Debug */ = {
			isa = XCBuildConfiguration;
			buildSettings = {
				ASSETCATALOG_COMPILER_APPICON_NAME = AppIcon;
				CODE_SIGN_STYLE = Automatic;
				DEVELOPMENT_TEAM = 8H4KW4V9S8;
				INFOPLIST_FILE = Gridy/Info.plist;
				LD_RUNPATH_SEARCH_PATHS = (
					"$(inherited)",
					"@executable_path/Frameworks",
				);
				PRODUCT_BUNDLE_IDENTIFIER = com.appostoliq.Gridy;
				PRODUCT_NAME = "$(TARGET_NAME)";
				SWIFT_VERSION = 4.2;
				TARGETED_DEVICE_FAMILY = "1,2";
			};
			name = Debug;
		};
		F1A586E721A7398F0014EA34 /* Release */ = {
			isa = XCBuildConfiguration;
			buildSettings = {
				ASSETCATALOG_COMPILER_APPICON_NAME = AppIcon;
				CODE_SIGN_STYLE = Automatic;
				DEVELOPMENT_TEAM = 8H4KW4V9S8;
				INFOPLIST_FILE = Gridy/Info.plist;
				LD_RUNPATH_SEARCH_PATHS = (
					"$(inherited)",
					"@executable_path/Frameworks",
				);
				PRODUCT_BUNDLE_IDENTIFIER = com.appostoliq.Gridy;
				PRODUCT_NAME = "$(TARGET_NAME)";
				SWIFT_VERSION = 4.2;
				TARGETED_DEVICE_FAMILY = "1,2";
			};
			name = Release;
		};
/* End XCBuildConfiguration section */

/* Begin XCConfigurationList section */
		F1A586CE21A7398E0014EA34 /* Build configuration list for PBXProject "Gridy" */ = {
			isa = XCConfigurationList;
			buildConfigurations = (
				F1A586E321A7398F0014EA34 /* Debug */,
				F1A586E421A7398F0014EA34 /* Release */,
			);
			defaultConfigurationIsVisible = 0;
			defaultConfigurationName = Release;
		};
		F1A586E521A7398F0014EA34 /* Build configuration list for PBXNativeTarget "Gridy" */ = {
			isa = XCConfigurationList;
			buildConfigurations = (
				F1A586E621A7398F0014EA34 /* Debug */,
				F1A586E721A7398F0014EA34 /* Release */,
			);
			defaultConfigurationIsVisible = 0;
			defaultConfigurationName = Release;
		};
/* End XCConfigurationList section */
	};
	rootObject = F1A586CB21A7398E0014EA34 /* Project object */;
}
